
Microsoft Visual Studio Solution File, Format Version 12.00
# Visual Studio Version 16
VisualStudioVersion = 16.0.30503.244
MinimumVisualStudioVersion = 10.0.40219.1
Project("{888888A0-9F3D-457C-B088-3A5042F75D52}") = "PyZork", "PyZork\PyZork.pyproj", "{C72188D3-3248-41FC-91D9-C8F52147C03D}"
EndProject
Global
	GlobalSection(SolutionConfigurationPlatforms) = preSolution
		Debug|Any CPU = Debug|Any CPU
		Release|Any CPU = Release|Any CPU
	EndGlobalSection
	GlobalSection(ProjectConfigurationPlatforms) = postSolution
		{C72188D3-3248-41FC-91D9-C8F52147C03D}.Debug|Any CPU.ActiveCfg = Debug|Any CPU
		{C72188D3-3248-41FC-91D9-C8F52147C03D}.Release|Any CPU.ActiveCfg = Release|Any CPU
	EndGlobalSection
	GlobalSection(SolutionProperties) = preSolution
		HideSolutionNode = FALSE
	EndGlobalSection
	GlobalSection(ExtensibilityGlobals) = postSolution
		SolutionGuid = {CF99D055-90FF-4B5E-A4EA-39F4DCEF5EB7}
	EndGlobalSection
EndGlobal
