
Microsoft Visual Studio Solution File, Format Version 12.00
# Visual Studio Version 16
VisualStudioVersion = 16.0.30503.244
MinimumVisualStudioVersion = 10.0.40219.1
Project("{888888A0-9F3D-457C-B088-3A5042F75D52}") = "PyZork", "PyZork.pyproj", "{461A0DA8-C418-41D7-B0BA-CB852F56C52B}"
EndProject
Global
	GlobalSection(SolutionConfigurationPlatforms) = preSolution
		Debug|Any CPU = Debug|Any CPU
		Release|Any CPU = Release|Any CPU
	EndGlobalSection
	GlobalSection(ProjectConfigurationPlatforms) = postSolution
		{461A0DA8-C418-41D7-B0BA-CB852F56C52B}.Debug|Any CPU.ActiveCfg = Debug|Any CPU
		{461A0DA8-C418-41D7-B0BA-CB852F56C52B}.Release|Any CPU.ActiveCfg = Release|Any CPU
	EndGlobalSection
	GlobalSection(SolutionProperties) = preSolution
		HideSolutionNode = FALSE
	EndGlobalSection
	GlobalSection(ExtensibilityGlobals) = postSolution
		SolutionGuid = {376E5843-DD80-4D5D-AF07-80F7182058FB}
	EndGlobalSection
EndGlobal
